
Microsoft Visual Studio Solution File, Format Version 12.00
# Visual Studio 15
VisualStudioVersion = 15.0.28307.329
MinimumVisualStudioVersion = 10.0.40219.1
Project("{FAE04EC0-301F-11D3-BF4B-00C04F79EFBC}") = "ClassLibrary06", "ClassLibrary06\ClassLibrary06.csproj", "{DD61D5CE-8E42-41B8-84F3-0A84A789EC82}"
EndProject
Global
	GlobalSection(SolutionConfigurationPlatforms) = preSolution
		Debug|Any CPU = Debug|Any CPU
		Release|Any CPU = Release|Any CPU
	EndGlobalSection
	GlobalSection(ProjectConfigurationPlatforms) = postSolution
		{DD61D5CE-8E42-41B8-84F3-0A84A789EC82}.Debug|Any CPU.ActiveCfg = Debug|Any CPU
		{DD61D5CE-8E42-41B8-84F3-0A84A789EC82}.Debug|Any CPU.Build.0 = Debug|Any CPU
		{DD61D5CE-8E42-41B8-84F3-0A84A789EC82}.Release|Any CPU.ActiveCfg = Release|Any CPU
		{DD61D5CE-8E42-41B8-84F3-0A84A789EC82}.Release|Any CPU.Build.0 = Release|Any CPU
	EndGlobalSection
	GlobalSection(SolutionProperties) = preSolution
		HideSolutionNode = FALSE
	EndGlobalSection
	GlobalSection(ExtensibilityGlobals) = postSolution
		SolutionGuid = {01B796B3-CC33-484A-A61D-EF0A60A93FE0}
	EndGlobalSection
EndGlobal
